
Microsoft Visual Studio Solution File, Format Version 12.00
# Visual Studio Version 17
VisualStudioVersion = 17.3.32825.248
MinimumVisualStudioVersion = 10.0.40219.1
Project("{8BC9CEB8-8B4A-11D0-8D11-00A0C91BC942}") = "8.2-r", "8.2-i\8.2-i.vcxproj", "{772D0CBF-2364-4FC8-871D-8C6C7D016AA2}"
EndProject
Project("{8BC9CEB8-8B4A-11D0-8D11-00A0C91BC942}") = "UnitTest1", "UnitTest1\UnitTest1.vcxproj", "{24E87E31-8CB4-4268-829A-277E668CD061}"
EndProject
Global
	GlobalSection(SolutionConfigurationPlatforms) = preSolution
		Debug|x64 = Debug|x64
		Debug|x86 = Debug|x86
		Release|x64 = Release|x64
		Release|x86 = Release|x86
	EndGlobalSection
	GlobalSection(ProjectConfigurationPlatforms) = postSolution
		{772D0CBF-2364-4FC8-871D-8C6C7D016AA2}.Debug|x64.ActiveCfg = Debug|x64
		{772D0CBF-2364-4FC8-871D-8C6C7D016AA2}.Debug|x64.Build.0 = Debug|x64
		{772D0CBF-2364-4FC8-871D-8C6C7D016AA2}.Debug|x86.ActiveCfg = Debug|Win32
		{772D0CBF-2364-4FC8-871D-8C6C7D016AA2}.Debug|x86.Build.0 = Debug|Win32
		{772D0CBF-2364-4FC8-871D-8C6C7D016AA2}.Release|x64.ActiveCfg = Release|x64
		{772D0CBF-2364-4FC8-871D-8C6C7D016AA2}.Release|x64.Build.0 = Release|x64
		{772D0CBF-2364-4FC8-871D-8C6C7D016AA2}.Release|x86.ActiveCfg = Release|Win32
		{772D0CBF-2364-4FC8-871D-8C6C7D016AA2}.Release|x86.Build.0 = Release|Win32
		{24E87E31-8CB4-4268-829A-277E668CD061}.Debug|x64.ActiveCfg = Debug|x64
		{24E87E31-8CB4-4268-829A-277E668CD061}.Debug|x64.Build.0 = Debug|x64
		{24E87E31-8CB4-4268-829A-277E668CD061}.Debug|x86.ActiveCfg = Debug|Win32
		{24E87E31-8CB4-4268-829A-277E668CD061}.Debug|x86.Build.0 = Debug|Win32
		{24E87E31-8CB4-4268-829A-277E668CD061}.Release|x64.ActiveCfg = Release|x64
		{24E87E31-8CB4-4268-829A-277E668CD061}.Release|x64.Build.0 = Release|x64
		{24E87E31-8CB4-4268-829A-277E668CD061}.Release|x86.ActiveCfg = Release|Win32
		{24E87E31-8CB4-4268-829A-277E668CD061}.Release|x86.Build.0 = Release|Win32
	EndGlobalSection
	GlobalSection(SolutionProperties) = preSolution
		HideSolutionNode = FALSE
	EndGlobalSection
	GlobalSection(ExtensibilityGlobals) = postSolution
		SolutionGuid = {0CAE544C-94AD-4B71-9E0A-437B68F7D4D7}
	EndGlobalSection
EndGlobal
